// !$*UTF8*$!
{
	archiveVersion = 1;
	classes = {
	};
	objectVersion = 50;
	objects = {

/* Begin PBXBuildFile section */
		91C78970252A064D00AA148D /* IOS_HW1App.swift in Sources */ = {isa = PBXBuildFile; fileRef = 91C7896F252A064D00AA148D /* IOS_HW1App.swift */; };
		91C78972252A064D00AA148D /* ContentView.swift in Sources */ = {isa = PBXBuildFile; fileRef = 91C78971252A064D00AA148D /* ContentView.swift */; };
		91C78974252A065300AA148D /* Assets.xcassets in Resources */ = {isa = PBXBuildFile; fileRef = 91C78973252A065300AA148D /* Assets.xcassets */; };
		91C78977252A065300AA148D /* Preview Assets.xcassets in Resources */ = {isa = PBXBuildFile; fileRef = 91C78976252A065300AA148D /* Preview Assets.xcassets */; };
		91C78982252A065400AA148D /* IOS_HW1Tests.swift in Sources */ = {isa = PBXBuildFile; fileRef = 91C78981252A065400AA148D /* IOS_HW1Tests.swift */; };
		91C7898D252A065400AA148D /* IOS_HW1UITests.swift in Sources */ = {isa = PBXBuildFile; fileRef = 91C7898C252A065400AA148D /* IOS_HW1UITests.swift */; };
		91C7899E252A068100AA148D /* SwitchView.swift in Sources */ = {isa = PBXBuildFile; fileRef = 91C7899D252A068100AA148D /* SwitchView.swift */; };
		91C789A3252A069900AA148D /* FriendView.swift in Sources */ = {isa = PBXBuildFile; fileRef = 91C789A2252A069900AA148D /* FriendView.swift */; };
/* End PBXBuildFile section */

/* Begin PBXContainerItemProxy section */
		91C7897E252A065400AA148D /* PBXContainerItemProxy */ = {
			isa = PBXContainerItemProxy;
			containerPortal = 91C78964252A064D00AA148D /* Project object */;
			proxyType = 1;
			remoteGlobalIDString = 91C7896B252A064D00AA148D;
			remoteInfo = "IOS-HW1";
		};
		91C78989252A065400AA148D /* PBXContainerItemProxy */ = {
			isa = PBXContainerItemProxy;
			containerPortal = 91C78964252A064D00AA148D /* Project object */;
			proxyType = 1;
			remoteGlobalIDString = 91C7896B252A064D00AA148D;
			remoteInfo = "IOS-HW1";
		};
/* End PBXContainerItemProxy section */

/* Begin PBXFileReference section */
		91C7896C252A064D00AA148D /* IOS-HW1.app */ = {isa = PBXFileReference; explicitFileType = wrapper.application; includeInIndex = 0; path = "IOS-HW1.app"; sourceTree = BUILT_PRODUCTS_DIR; };
		91C7896F252A064D00AA148D /* IOS_HW1App.swift */ = {isa = PBXFileReference; lastKnownFileType = sourcecode.swift; path = IOS_HW1App.swift; sourceTree = "<group>"; };
		91C78971252A064D00AA148D /* ContentView.swift */ = {isa = PBXFileReference; lastKnownFileType = sourcecode.swift; path = ContentView.swift; sourceTree = "<group>"; };
		91C78973252A065300AA148D /* Assets.xcassets */ = {isa = PBXFileReference; lastKnownFileType = folder.assetcatalog; path = Assets.xcassets; sourceTree = "<group>"; };
		91C78976252A065300AA148D /* Preview Assets.xcassets */ = {isa = PBXFileReference; lastKnownFileType = folder.assetcatalog; path = "Preview Assets.xcassets"; sourceTree = "<group>"; };
		91C78978252A065300AA148D /* Info.plist */ = {isa = PBXFileReference; lastKnownFileType = text.plist.xml; path = Info.plist; sourceTree = "<group>"; };
		91C7897D252A065400AA148D /* IOS-HW1Tests.xctest */ = {isa = PBXFileReference; explicitFileType = wrapper.cfbundle; includeInIndex = 0; path = "IOS-HW1Tests.xctest"; sourceTree = BUILT_PRODUCTS_DIR; };
		91C78981252A065400AA148D /* IOS_HW1Tests.swift */ = {isa = PBXFileReference; lastKnownFileType = sourcecode.swift; path = IOS_HW1Tests.swift; sourceTree = "<group>"; };
		91C78983252A065400AA148D /* Info.plist */ = {isa = PBXFileReference; lastKnownFileType = text.plist.xml; path = Info.plist; sourceTree = "<group>"; };
		91C78988252A065400AA148D /* IOS-HW1UITests.xctest */ = {isa = PBXFileReference; explicitFileType = wrapper.cfbundle; includeInIndex = 0; path = "IOS-HW1UITests.xctest"; sourceTree = BUILT_PRODUCTS_DIR; };
		91C7898C252A065400AA148D /* IOS_HW1UITests.swift */ = {isa = PBXFileReference; lastKnownFileType = sourcecode.swift; path = IOS_HW1UITests.swift; sourceTree = "<group>"; };
		91C7898E252A065400AA148D /* Info.plist */ = {isa = PBXFileReference; lastKnownFileType = text.plist.xml; path = Info.plist; sourceTree = "<group>"; };
		91C7899D252A068100AA148D /* SwitchView.swift */ = {isa = PBXFileReference; lastKnownFileType = sourcecode.swift; path = SwitchView.swift; sourceTree = "<group>"; };
		91C789A2252A069900AA148D /* FriendView.swift */ = {isa = PBXFileReference; lastKnownFileType = sourcecode.swift; path = FriendView.swift; sourceTree = "<group>"; };
/* End PBXFileReference section */

/* Begin PBXFrameworksBuildPhase section */
		91C78969252A064D00AA148D /* Frameworks */ = {
			isa = PBXFrameworksBuildPhase;
			buildActionMask = 2147483647;
			files = (
			);
			runOnlyForDeploymentPostprocessing = 0;
		};
		91C7897A252A065400AA148D /* Frameworks */ = {
			isa = PBXFrameworksBuildPhase;
			buildActionMask = 2147483647;
			files = (
			);
			runOnlyForDeploymentPostprocessing = 0;
		};
		91C78985252A065400AA148D /* Frameworks */ = {
			isa = PBXFrameworksBuildPhase;
			buildActionMask = 2147483647;
			files = (
			);
			runOnlyForDeploymentPostprocessing = 0;
		};
/* End PBXFrameworksBuildPhase section */

/* Begin PBXGroup section */
		91C78963252A064D00AA148D = {
			isa = PBXGroup;
			children = (
				91C7896E252A064D00AA148D /* IOS-HW1 */,
				91C78980252A065400AA148D /* IOS-HW1Tests */,
				91C7898B252A065400AA148D /* IOS-HW1UITests */,
				91C7896D252A064D00AA148D /* Products */,
			);
			sourceTree = "<group>";
		};
		91C7896D252A064D00AA148D /* Products */ = {
			isa = PBXGroup;
			children = (
				91C7896C252A064D00AA148D /* IOS-HW1.app */,
				91C7897D252A065400AA148D /* IOS-HW1Tests.xctest */,
				91C78988252A065400AA148D /* IOS-HW1UITests.xctest */,
			);
			name = Products;
			sourceTree = "<group>";
		};
		91C7896E252A064D00AA148D /* IOS-HW1 */ = {
			isa = PBXGroup;
			children = (
				91C7896F252A064D00AA148D /* IOS_HW1App.swift */,
				91C78971252A064D00AA148D /* ContentView.swift */,
				91C7899D252A068100AA148D /* SwitchView.swift */,
				91C789A2252A069900AA148D /* FriendView.swift */,
				91C78973252A065300AA148D /* Assets.xcassets */,
				91C78978252A065300AA148D /* Info.plist */,
				91C78975252A065300AA148D /* Preview Content */,
			);
			path = "IOS-HW1";
			sourceTree = "<group>";
		};
		91C78975252A065300AA148D /* Preview Content */ = {
			isa = PBXGroup;
			children = (
				91C78976252A065300AA148D /* Preview Assets.xcassets */,
			);
			path = "Preview Content";
			sourceTree = "<group>";
		};
		91C78980252A065400AA148D /* IOS-HW1Tests */ = {
			isa = PBXGroup;
			children = (
				91C78981252A065400AA148D /* IOS_HW1Tests.swift */,
				91C78983252A065400AA148D /* Info.plist */,
			);
			path = "IOS-HW1Tests";
			sourceTree = "<group>";
		};
		91C7898B252A065400AA148D /* IOS-HW1UITests */ = {
			isa = PBXGroup;
			children = (
				91C7898C252A065400AA148D /* IOS_HW1UITests.swift */,
				91C7898E252A065400AA148D /* Info.plist */,
			);
			path = "IOS-HW1UITests";
			sourceTree = "<group>";
		};
/* End PBXGroup section */

/* Begin PBXNativeTarget section */
		91C7896B252A064D00AA148D /* IOS-HW1 */ = {
			isa = PBXNativeTarget;
			buildConfigurationList = 91C78991252A065400AA148D /* Build configuration list for PBXNativeTarget "IOS-HW1" */;
			buildPhases = (
				91C78968252A064D00AA148D /* Sources */,
				91C78969252A064D00AA148D /* Frameworks */,
				91C7896A252A064D00AA148D /* Resources */,
			);
			buildRules = (
			);
			dependencies = (
			);
			name = "IOS-HW1";
			productName = "IOS-HW1";
			productReference = 91C7896C252A064D00AA148D /* IOS-HW1.app */;
			productType = "com.apple.product-type.application";
		};
		91C7897C252A065400AA148D /* IOS-HW1Tests */ = {
			isa = PBXNativeTarget;
			buildConfigurationList = 91C78994252A065400AA148D /* Build configuration list for PBXNativeTarget "IOS-HW1Tests" */;
			buildPhases = (
				91C78979252A065400AA148D /* Sources */,
				91C7897A252A065400AA148D /* Frameworks */,
				91C7897B252A065400AA148D /* Resources */,
			);
			buildRules = (
			);
			dependencies = (
				91C7897F252A065400AA148D /* PBXTargetDependency */,
			);
			name = "IOS-HW1Tests";
			productName = "IOS-HW1Tests";
			productReference = 91C7897D252A065400AA148D /* IOS-HW1Tests.xctest */;
			productType = "com.apple.product-type.bundle.unit-test";
		};
		91C78987252A065400AA148D /* IOS-HW1UITests */ = {
			isa = PBXNativeTarget;
			buildConfigurationList = 91C78997252A065400AA148D /* Build configuration list for PBXNativeTarget "IOS-HW1UITests" */;
			buildPhases = (
				91C78984252A065400AA148D /* Sources */,
				91C78985252A065400AA148D /* Frameworks */,
				91C78986252A065400AA148D /* Resources */,
			);
			buildRules = (
			);
			dependencies = (
				91C7898A252A065400AA148D /* PBXTargetDependency */,
			);
			name = "IOS-HW1UITests";
			productName = "IOS-HW1UITests";
			productReference = 91C78988252A065400AA148D /* IOS-HW1UITests.xctest */;
			productType = "com.apple.product-type.bundle.ui-testing";
		};
/* End PBXNativeTarget section */

/* Begin PBXProject section */
		91C78964252A064D00AA148D /* Project object */ = {
			isa = PBXProject;
			attributes = {
				LastSwiftUpdateCheck = 1200;
				LastUpgradeCheck = 1200;
				TargetAttributes = {
					91C7896B252A064D00AA148D = {
						CreatedOnToolsVersion = 12.0.1;
					};
					91C7897C252A065400AA148D = {
						CreatedOnToolsVersion = 12.0.1;
						TestTargetID = 91C7896B252A064D00AA148D;
					};
					91C78987252A065400AA148D = {
						CreatedOnToolsVersion = 12.0.1;
						TestTargetID = 91C7896B252A064D00AA148D;
					};
				};
			};
			buildConfigurationList = 91C78967252A064D00AA148D /* Build configuration list for PBXProject "IOS-HW1" */;
			compatibilityVersion = "Xcode 9.3";
			developmentRegion = en;
			hasScannedForEncodings = 0;
			knownRegions = (
				en,
				Base,
			);
			mainGroup = 91C78963252A064D00AA148D;
			productRefGroup = 91C7896D252A064D00AA148D /* Products */;
			projectDirPath = "";
			projectRoot = "";
			targets = (
				91C7896B252A064D00AA148D /* IOS-HW1 */,
				91C7897C252A065400AA148D /* IOS-HW1Tests */,
				91C78987252A065400AA148D /* IOS-HW1UITests */,
			);
		};
/* End PBXProject section */

/* Begin PBXResourcesBuildPhase section */
		91C7896A252A064D00AA148D /* Resources */ = {
			isa = PBXResourcesBuildPhase;
			buildActionMask = 2147483647;
			files = (
				91C78977252A065300AA148D /* Preview Assets.xcassets in Resources */,
				91C78974252A065300AA148D /* Assets.xcassets in Resources */,
			);
			runOnlyForDeploymentPostprocessing = 0;
		};
		91C7897B252A065400AA148D /* Resources */ = {
			isa = PBXResourcesBuildPhase;
			buildActionMask = 2147483647;
			files = (
			);
			runOnlyForDeploymentPostprocessing = 0;
		};
		91C78986252A065400AA148D /* Resources */ = {
			isa = PBXResourcesBuildPhase;
			buildActionMask = 2147483647;
			files = (
			);
			runOnlyForDeploymentPostprocessing = 0;
		};
/* End PBXResourcesBuildPhase section */

/* Begin PBXSourcesBuildPhase section */
		91C78968252A064D00AA148D /* Sources */ = {
			isa = PBXSourcesBuildPhase;
			buildActionMask = 2147483647;
			files = (
				91C78972252A064D00AA148D /* ContentView.swift in Sources */,
				91C78970252A064D00AA148D /* IOS_HW1App.swift in Sources */,
				91C789A3252A069900AA148D /* FriendView.swift in Sources */,
				91C7899E252A068100AA148D /* SwitchView.swift in Sources */,
			);
			runOnlyForDeploymentPostprocessing = 0;
		};
		91C78979252A065400AA148D /* Sources */ = {
			isa = PBXSourcesBuildPhase;
			buildActionMask = 2147483647;
			files = (
				91C78982252A065400AA148D /* IOS_HW1Tests.swift in Sources */,
			);
			runOnlyForDeploymentPostprocessing = 0;
		};
		91C78984252A065400AA148D /* Sources */ = {
			isa = PBXSourcesBuildPhase;
			buildActionMask = 2147483647;
			files = (
				91C7898D252A065400AA148D /* IOS_HW1UITests.swift in Sources */,
			);
			runOnlyForDeploymentPostprocessing = 0;
		};
/* End PBXSourcesBuildPhase section */

/* Begin PBXTargetDependency section */
		91C7897F252A065400AA148D /* PBXTargetDependency */ = {
			isa = PBXTargetDependency;
			target = 91C7896B252A064D00AA148D /* IOS-HW1 */;
			targetProxy = 91C7897E252A065400AA148D /* PBXContainerItemProxy */;
		};
		91C7898A252A065400AA148D /* PBXTargetDependency */ = {
			isa = PBXTargetDependency;
			target = 91C7896B252A064D00AA148D /* IOS-HW1 */;
			targetProxy = 91C78989252A065400AA148D /* PBXContainerItemProxy */;
		};
/* End PBXTargetDependency section */

/* Begin XCBuildConfiguration section */
		91C7898F252A065400AA148D /* Debug */ = {
			isa = XCBuildConfiguration;
			buildSettings = {
				ALWAYS_SEARCH_USER_PATHS = NO;
				CLANG_ANALYZER_NONNULL = YES;
				CLANG_ANALYZER_NUMBER_OBJECT_CONVERSION = YES_AGGRESSIVE;
				CLANG_CXX_LANGUAGE_STANDARD = "gnu++14";
				CLANG_CXX_LIBRARY = "libc++";
				CLANG_ENABLE_MODULES = YES;
				CLANG_ENABLE_OBJC_ARC = YES;
				CLANG_ENABLE_OBJC_WEAK = YES;
				CLANG_WARN_BLOCK_CAPTURE_AUTORELEASING = YES;
				CLANG_WARN_BOOL_CONVERSION = YES;
				CLANG_WARN_COMMA = YES;
				CLANG_WARN_CONSTANT_CONVERSION = YES;
				CLANG_WARN_DEPRECATED_OBJC_IMPLEMENTATIONS = YES;
				CLANG_WARN_DIRECT_OBJC_ISA_USAGE = YES_ERROR;
				CLANG_WARN_DOCUMENTATION_COMMENTS = YES;
				CLANG_WARN_EMPTY_BODY = YES;
				CLANG_WARN_ENUM_CONVERSION = YES;
				CLANG_WARN_INFINITE_RECURSION = YES;
				CLANG_WARN_INT_CONVERSION = YES;
				CLANG_WARN_NON_LITERAL_NULL_CONVERSION = YES;
				CLANG_WARN_OBJC_IMPLICIT_RETAIN_SELF = YES;
				CLANG_WARN_OBJC_LITERAL_CONVERSION = YES;
				CLANG_WARN_OBJC_ROOT_CLASS = YES_ERROR;
				CLANG_WARN_QUOTED_INCLUDE_IN_FRAMEWORK_HEADER = YES;
				CLANG_WARN_RANGE_LOOP_ANALYSIS = YES;
				CLANG_WARN_STRICT_PROTOTYPES = YES;
				CLANG_WARN_SUSPICIOUS_MOVE = YES;
				CLANG_WARN_UNGUARDED_AVAILABILITY = YES_AGGRESSIVE;
				CLANG_WARN_UNREACHABLE_CODE = YES;
				CLANG_WARN__DUPLICATE_METHOD_MATCH = YES;
				COPY_PHASE_STRIP = NO;
				DEBUG_INFORMATION_FORMAT = dwarf;
				ENABLE_STRICT_OBJC_MSGSEND = YES;
				ENABLE_TESTABILITY = YES;
				GCC_C_LANGUAGE_STANDARD = gnu11;
				GCC_DYNAMIC_NO_PIC = NO;
				GCC_NO_COMMON_BLOCKS = YES;
				GCC_OPTIMIZATION_LEVEL = 0;
				GCC_PREPROCESSOR_DEFINITIONS = (
					"DEBUG=1",
					"$(inherited)",
				);
				GCC_WARN_64_TO_32_BIT_CONVERSION = YES;
				GCC_WARN_ABOUT_RETURN_TYPE = YES_ERROR;
				GCC_WARN_UNDECLARED_SELECTOR = YES;
				GCC_WARN_UNINITIALIZED_AUTOS = YES_AGGRESSIVE;
				GCC_WARN_UNUSED_FUNCTION = YES;
				GCC_WARN_UNUSED_VARIABLE = YES;
				IPHONEOS_DEPLOYMENT_TARGET = 14.0;
				MTL_ENABLE_DEBUG_INFO = INCLUDE_SOURCE;
				MTL_FAST_MATH = YES;
				ONLY_ACTIVE_ARCH = YES;
				SDKROOT = iphoneos;
				SWIFT_ACTIVE_COMPILATION_CONDITIONS = DEBUG;
				SWIFT_OPTIMIZATION_LEVEL = "-Onone";
			};
			name = Debug;
		};
		91C78990252A065400AA148D /* Release */ = {
			isa = XCBuildConfiguration;
			buildSettings = {
				ALWAYS_SEARCH_USER_PATHS = NO;
				CLANG_ANALYZER_NONNULL = YES;
				CLANG_ANALYZER_NUMBER_OBJECT_CONVERSION = YES_AGGRESSIVE;
				CLANG_CXX_LANGUAGE_STANDARD = "gnu++14";
				CLANG_CXX_LIBRARY = "libc++";
				CLANG_ENABLE_MODULES = YES;
				CLANG_ENABLE_OBJC_ARC = YES;
				CLANG_ENABLE_OBJC_WEAK = YES;
				CLANG_WARN_BLOCK_CAPTURE_AUTORELEASING = YES;
				CLANG_WARN_BOOL_CONVERSION = YES;
				CLANG_WARN_COMMA = YES;
				CLANG_WARN_CONSTANT_CONVERSION = YES;
				CLANG_WARN_DEPRECATED_OBJC_IMPLEMENTATIONS = YES;
				CLANG_WARN_DIRECT_OBJC_ISA_USAGE = YES_ERROR;
				CLANG_WARN_DOCUMENTATION_COMMENTS = YES;
				CLANG_WARN_EMPTY_BODY = YES;
				CLANG_WARN_ENUM_CONVERSION = YES;
				CLANG_WARN_INFINITE_RECURSION = YES;
				CLANG_WARN_INT_CONVERSION = YES;
				CLANG_WARN_NON_LITERAL_NULL_CONVERSION = YES;
				CLANG_WARN_OBJC_IMPLICIT_RETAIN_SELF = YES;
				CLANG_WARN_OBJC_LITERAL_CONVERSION = YES;
				CLANG_WARN_OBJC_ROOT_CLASS = YES_ERROR;
				CLANG_WARN_QUOTED_INCLUDE_IN_FRAMEWORK_HEADER = YES;
				CLANG_WARN_RANGE_LOOP_ANALYSIS = YES;
				CLANG_WARN_STRICT_PROTOTYPES = YES;
				CLANG_WARN_SUSPICIOUS_MOVE = YES;
				CLANG_WARN_UNGUARDED_AVAILABILITY = YES_AGGRESSIVE;
				CLANG_WARN_UNREACHABLE_CODE = YES;
				CLANG_WARN__DUPLICATE_METHOD_MATCH = YES;
				COPY_PHASE_STRIP = NO;
				DEBUG_INFORMATION_FORMAT = "dwarf-with-dsym";
				ENABLE_NS_ASSERTIONS = NO;
				ENABLE_STRICT_OBJC_MSGSEND = YES;
				GCC_C_LANGUAGE_STANDARD = gnu11;
				GCC_NO_COMMON_BLOCKS = YES;
				GCC_WARN_64_TO_32_BIT_CONVERSION = YES;
				GCC_WARN_ABOUT_RETURN_TYPE = YES_ERROR;
				GCC_WARN_UNDECLARED_SELECTOR = YES;
				GCC_WARN_UNINITIALIZED_AUTOS = YES_AGGRESSIVE;
				GCC_WARN_UNUSED_FUNCTION = YES;
				GCC_WARN_UNUSED_VARIABLE = YES;
				IPHONEOS_DEPLOYMENT_TARGET = 14.0;
				MTL_ENABLE_DEBUG_INFO = NO;
				MTL_FAST_MATH = YES;
				SDKROOT = iphoneos;
				SWIFT_COMPILATION_MODE = wholemodule;
				SWIFT_OPTIMIZATION_LEVEL = "-O";
				VALIDATE_PRODUCT = YES;
			};
			name = Release;
		};
		91C78992252A065400AA148D /* Debug */ = {
			isa = XCBuildConfiguration;
			buildSettings = {
				ASSETCATALOG_COMPILER_APPICON_NAME = AppIcon;
				ASSETCATALOG_COMPILER_GLOBAL_ACCENT_COLOR_NAME = AccentColor;
				CODE_SIGN_STYLE = Automatic;
				DEVELOPMENT_ASSET_PATHS = "\"IOS-HW1/Preview Content\"";
				DEVELOPMENT_TEAM = J9ZF4JANQ4;
				ENABLE_PREVIEWS = YES;
				INFOPLIST_FILE = "IOS-HW1/Info.plist";
				IPHONEOS_DEPLOYMENT_TARGET = 14.0;
				LD_RUNPATH_SEARCH_PATHS = (
					"$(inherited)",
					"@executable_path/Frameworks",
				);
				PRODUCT_BUNDLE_IDENTIFIER = "path.IOS-HW1";
				PRODUCT_NAME = "$(TARGET_NAME)";
				SWIFT_VERSION = 5.0;
				TARGETED_DEVICE_FAMILY = "1,2";
			};
			name = Debug;
		};
		91C78993252A065400AA148D /* Release */ = {
			isa = XCBuildConfiguration;
			buildSettings = {
				ASSETCATALOG_COMPILER_APPICON_NAME = AppIcon;
				ASSETCATALOG_COMPILER_GLOBAL_ACCENT_COLOR_NAME = AccentColor;
				CODE_SIGN_STYLE = Automatic;
				DEVELOPMENT_ASSET_PATHS = "\"IOS-HW1/Preview Content\"";
				DEVELOPMENT_TEAM = J9ZF4JANQ4;
				ENABLE_PREVIEWS = YES;
				INFOPLIST_FILE = "IOS-HW1/Info.plist";
				IPHONEOS_DEPLOYMENT_TARGET = 14.0;
				LD_RUNPATH_SEARCH_PATHS = (
					"$(inherited)",
					"@executable_path/Frameworks",
				);
				PRODUCT_BUNDLE_IDENTIFIER = "path.IOS-HW1";
				PRODUCT_NAME = "$(TARGET_NAME)";
				SWIFT_VERSION = 5.0;
				TARGETED_DEVICE_FAMILY = "1,2";
			};
			name = Release;
		};
		91C78995252A065400AA148D /* Debug */ = {
			isa = XCBuildConfiguration;
			buildSettings = {
				ALWAYS_EMBED_SWIFT_STANDARD_LIBRARIES = YES;
				BUNDLE_LOADER = "$(TEST_HOST)";
				CODE_SIGN_STYLE = Automatic;
				DEVELOPMENT_TEAM = J9ZF4JANQ4;
				INFOPLIST_FILE = "IOS-HW1Tests/Info.plist";
				IPHONEOS_DEPLOYMENT_TARGET = 14.0;
				LD_RUNPATH_SEARCH_PATHS = (
					"$(inherited)",
					"@executable_path/Frameworks",
					"@loader_path/Frameworks",
				);
				PRODUCT_BUNDLE_IDENTIFIER = "path.IOS-HW1Tests";
				PRODUCT_NAME = "$(TARGET_NAME)";
				SWIFT_VERSION = 5.0;
				TARGETED_DEVICE_FAMILY = "1,2";
				TEST_HOST = "$(BUILT_PRODUCTS_DIR)/IOS-HW1.app/IOS-HW1";
			};
			name = Debug;
		};
		91C78996252A065400AA148D /* Release */ = {
			isa = XCBuildConfiguration;
			buildSettings = {
				ALWAYS_EMBED_SWIFT_STANDARD_LIBRARIES = YES;
				BUNDLE_LOADER = "$(TEST_HOST)";
				CODE_SIGN_STYLE = Automatic;
				DEVELOPMENT_TEAM = J9ZF4JANQ4;
				INFOPLIST_FILE = "IOS-HW1Tests/Info.plist";
				IPHONEOS_DEPLOYMENT_TARGET = 14.0;
				LD_RUNPATH_SEARCH_PATHS = (
					"$(inherited)",
					"@executable_path/Frameworks",
					"@loader_path/Frameworks",
				);
				PRODUCT_BUNDLE_IDENTIFIER = "path.IOS-HW1Tests";
				PRODUCT_NAME = "$(TARGET_NAME)";
				SWIFT_VERSION = 5.0;
				TARGETED_DEVICE_FAMILY = "1,2";
				TEST_HOST = "$(BUILT_PRODUCTS_DIR)/IOS-HW1.app/IOS-HW1";
			};
			name = Release;
		};
		91C78998252A065400AA148D /* Debug */ = {
			isa = XCBuildConfiguration;
			buildSettings = {
				ALWAYS_EMBED_SWIFT_STANDARD_LIBRARIES = YES;
				CODE_SIGN_STYLE = Automatic;
				DEVELOPMENT_TEAM = J9ZF4JANQ4;
				INFOPLIST_FILE = "IOS-HW1UITests/Info.plist";
				LD_RUNPATH_SEARCH_PATHS = (
					"$(inherited)",
					"@executable_path/Frameworks",
					"@loader_path/Frameworks",
				);
				PRODUCT_BUNDLE_IDENTIFIER = "path.IOS-HW1UITests";
				PRODUCT_NAME = "$(TARGET_NAME)";
				SWIFT_VERSION = 5.0;
				TARGETED_DEVICE_FAMILY = "1,2";
				TEST_TARGET_NAME = "IOS-HW1";
			};
			name = Debug;
		};
		91C78999252A065400AA148D /* Release */ = {
			isa = XCBuildConfiguration;
			buildSettings = {
				ALWAYS_EMBED_SWIFT_STANDARD_LIBRARIES = YES;
				CODE_SIGN_STYLE = Automatic;
				DEVELOPMENT_TEAM = J9ZF4JANQ4;
				INFOPLIST_FILE = "IOS-HW1UITests/Info.plist";
				LD_RUNPATH_SEARCH_PATHS = (
					"$(inherited)",
					"@executable_path/Frameworks",
					"@loader_path/Frameworks",
				);
				PRODUCT_BUNDLE_IDENTIFIER = "path.IOS-HW1UITests";
				PRODUCT_NAME = "$(TARGET_NAME)";
				SWIFT_VERSION = 5.0;
				TARGETED_DEVICE_FAMILY = "1,2";
				TEST_TARGET_NAME = "IOS-HW1";
			};
			name = Release;
		};
/* End XCBuildConfiguration section */

/* Begin XCConfigurationList section */
		91C78967252A064D00AA148D /* Build configuration list for PBXProject "IOS-HW1" */ = {
			isa = XCConfigurationList;
			buildConfigurations = (
				91C7898F252A065400AA148D /* Debug */,
				91C78990252A065400AA148D /* Release */,
			);
			defaultConfigurationIsVisible = 0;
			defaultConfigurationName = Release;
		};
		91C78991252A065400AA148D /* Build configuration list for PBXNativeTarget "IOS-HW1" */ = {
			isa = XCConfigurationList;
			buildConfigurations = (
				91C78992252A065400AA148D /* Debug */,
				91C78993252A065400AA148D /* Release */,
			);
			defaultConfigurationIsVisible = 0;
			defaultConfigurationName = Release;
		};
		91C78994252A065400AA148D /* Build configuration list for PBXNativeTarget "IOS-HW1Tests" */ = {
			isa = XCConfigurationList;
			buildConfigurations = (
				91C78995252A065400AA148D /* Debug */,
				91C78996252A065400AA148D /* Release */,
			);
			defaultConfigurationIsVisible = 0;
			defaultConfigurationName = Release;
		};
		91C78997252A065400AA148D /* Build configuration list for PBXNativeTarget "IOS-HW1UITests" */ = {
			isa = XCConfigurationList;
			buildConfigurations = (
				91C78998252A065400AA148D /* Debug */,
				91C78999252A065400AA148D /* Release */,
			);
			defaultConfigurationIsVisible = 0;
			defaultConfigurationName = Release;
		};
/* End XCConfigurationList section */
	};
	rootObject = 91C78964252A064D00AA148D /* Project object */;
}
